
Microsoft Visual Studio Solution File, Format Version 12.00
# Visual Studio Version 16
VisualStudioVersion = 16.0.28803.352
MinimumVisualStudioVersion = 10.0.40219.1
Project("{FAE04EC0-301F-11D3-BF4B-00C04F79EFBC}") = "WindowsFormsApp1", "WindowsFormsApp1\WindowsFormsApp1.csproj", "{87ED730A-53DB-4BDE-932B-8523F5765F11}"
EndProject
Project("{9A19103F-16F7-4668-BE54-9A1E7A4F7556}") = "ConsoleApp1", "ConsoleApp1\ConsoleApp1.csproj", "{D7D31B0E-E84C-411B-B463-37B115A35AFC}"
EndProject
Project("{FAE04EC0-301F-11D3-BF4B-00C04F79EFBC}") = "WindowsService1", "WindowsService1\WindowsService1.csproj", "{031F6EBE-7FCA-42AC-AFD5-F766FBD1375F}"
EndProject
Project("{2150E333-8FDC-42A3-9474-1A3956D46DE8}") = "创建服务", "创建服务", "{883A0A9A-6F8C-4D35-A08B-E1FC0D07F29B}"
EndProject
Project("{2150E333-8FDC-42A3-9474-1A3956D46DE8}") = "线程", "线程", "{C4D92CAE-B8C8-4999-916A-D84A82EA276B}"
EndProject
Project("{2150E333-8FDC-42A3-9474-1A3956D46DE8}") = "工具类", "工具类", "{4BFFC0FA-5D80-44AC-9C6A-1DAC4473FFA9}"
EndProject
Project("{2150E333-8FDC-42A3-9474-1A3956D46DE8}") = "反射创建实例", "反射创建实例", "{B823EE9C-1C16-4717-87E5-95AB4545D71D}"
EndProject
Project("{FAE04EC0-301F-11D3-BF4B-00C04F79EFBC}") = "WindowsService2", "WindowsService2\WindowsService2.csproj", "{0A0B4BB4-2948-4290-9988-E893F5F6371F}"
EndProject
Project("{FAE04EC0-301F-11D3-BF4B-00C04F79EFBC}") = "InterfaceServer", "InterfaceServer\InterfaceServer.csproj", "{AE1AD90F-BB10-4BFB-BD4C-B2F3735C0966}"
EndProject
Project("{FAE04EC0-301F-11D3-BF4B-00C04F79EFBC}") = "UnitInter", "UnitInter\UnitInter.csproj", "{4FDFFD28-65DF-4DE2-BE96-ED1B75954622}"
EndProject
Project("{2150E333-8FDC-42A3-9474-1A3956D46DE8}") = "解析xml", "解析xml", "{D2B5E35D-2CEC-4362-B514-959A1C27670F}"
EndProject
Project("{FAE04EC0-301F-11D3-BF4B-00C04F79EFBC}") = "ConsoleApp3", "ConsoleApp3\ConsoleApp3.csproj", "{D9487955-D65C-477D-8471-C14616818086}"
EndProject
Project("{FAE04EC0-301F-11D3-BF4B-00C04F79EFBC}") = "WindowsService3", "WindowsService3\WindowsService3.csproj", "{44AECEC9-5A7D-459A-BE82-0902FEA55B34}"
EndProject
Project("{2150E333-8FDC-42A3-9474-1A3956D46DE8}") = "Socket服务端", "Socket服务端", "{2046814E-5456-4A24-B258-5A97B0CB5415}"
EndProject
Project("{FAE04EC0-301F-11D3-BF4B-00C04F79EFBC}") = "SocketService", "SocketService\SocketService.csproj", "{35B5687B-1975-4BBA-A3F6-5514ADC30C83}"
EndProject
Project("{2150E333-8FDC-42A3-9474-1A3956D46DE8}") = "FTP", "FTP", "{554960E4-95D3-4764-97C9-D74494AB30BB}"
EndProject
Project("{FAE04EC0-301F-11D3-BF4B-00C04F79EFBC}") = "FtpText", "FtpText\FtpText.csproj", "{AE1651E1-0393-4B0E-BAC5-92888E802E06}"
EndProject
Project("{2150E333-8FDC-42A3-9474-1A3956D46DE8}") = "Socket客户端", "Socket客户端", "{1F7338EC-F3F5-4035-9667-600FE3E43FFB}"
EndProject
Project("{FAE04EC0-301F-11D3-BF4B-00C04F79EFBC}") = "Text", "Text\Text.csproj", "{EB0D0127-4692-41F5-A0A2-31DFEF674600}"
EndProject
Project("{2150E333-8FDC-42A3-9474-1A3956D46DE8}") = "控制台程序", "控制台程序", "{194FEA0A-83C1-47AD-8F4C-B4AAE14724B8}"
EndProject
Project("{FAE04EC0-301F-11D3-BF4B-00C04F79EFBC}") = "ConsoleApp2", "ConsoleApp2\ConsoleApp2.csproj", "{C8AEF84F-7F6E-4F34-AFCF-1803D56965CF}"
EndProject
Project("{2150E333-8FDC-42A3-9474-1A3956D46DE8}") = "测试类", "测试类", "{E284279B-6076-4611-A065-03FA9936BFEA}"
EndProject
Project("{FAE04EC0-301F-11D3-BF4B-00C04F79EFBC}") = "WindowsFormsApp2", "WindowsFormsApp2\WindowsFormsApp2.csproj", "{26AFCAA3-4571-40D2-98E1-64858DBEA410}"
EndProject
Project("{2150E333-8FDC-42A3-9474-1A3956D46DE8}") = "设计模式", "设计模式", "{189D7D56-BBF7-45C0-8BB2-340C0D0A2C45}"
EndProject
Project("{2150E333-8FDC-42A3-9474-1A3956D46DE8}") = "建造者模式", "建造者模式", "{2C760AC0-34D5-46F4-9921-E1D1DCF0E21D}"
EndProject
Project("{9A19103F-16F7-4668-BE54-9A1E7A4F7556}") = "ConsoleApp4", "ConsoleApp4\ConsoleApp4.csproj", "{18F609B4-819D-4B46-8EC9-E32D26BBD09B}"
EndProject
Project("{2150E333-8FDC-42A3-9474-1A3956D46DE8}") = "原型模式", "原型模式", "{D5748CDA-1F14-4FBB-97B8-1BCFDA36A77F}"
EndProject
Project("{9A19103F-16F7-4668-BE54-9A1E7A4F7556}") = "ConsoleApp5", "ConsoleApp5\ConsoleApp5.csproj", "{791EE701-D8EF-437A-ACF0-015ABF789D1E}"
EndProject
Project("{2150E333-8FDC-42A3-9474-1A3956D46DE8}") = "适配器模式", "适配器模式", "{1113D5AF-0CD8-46CA-9A99-EED07ECBAA75}"
EndProject
Project("{9A19103F-16F7-4668-BE54-9A1E7A4F7556}") = "ConsoleApp6", "ConsoleApp6\ConsoleApp6.csproj", "{39C0ECFF-C6F3-4819-9783-865D6D0B6E43}"
EndProject
Project("{2150E333-8FDC-42A3-9474-1A3956D46DE8}") = "桥接模式", "桥接模式", "{B3D6E969-4D96-40C6-A5F5-4BCE8C49D972}"
EndProject
Project("{9A19103F-16F7-4668-BE54-9A1E7A4F7556}") = "ConsoleApp7", "ConsoleApp7\ConsoleApp7.csproj", "{6003C26A-802A-4E29-8962-3D60853A3FA2}"
EndProject
Project("{FAE04EC0-301F-11D3-BF4B-00C04F79EFBC}") = "Receive_Message", "Receive_Message\Receive_Message.csproj", "{A214CB7D-F559-407E-81C6-7251FB578409}"
EndProject
Project("{FAE04EC0-301F-11D3-BF4B-00C04F79EFBC}") = "Send_Message", "Send_Message\Send_Message.csproj", "{FD19ABD2-AA2D-4195-9367-8120E79A4B94}"
EndProject
Project("{2150E333-8FDC-42A3-9474-1A3956D46DE8}") = "webService", "webService", "{038BC025-609D-45C7-99F1-2720EB64ACA7}"
EndProject
Project("{FAE04EC0-301F-11D3-BF4B-00C04F79EFBC}") = "WebApplication2", "WebApplication2\WebApplication2.csproj", "{1F4F1FD2-056A-45BB-ADDF-84FD74D78E02}"
EndProject
Project("{2150E333-8FDC-42A3-9474-1A3956D46DE8}") = "Dll引用", "Dll引用", "{0A72FBD9-6BCB-430F-9CFE-3104A55E335C}"
EndProject
Project("{FAE04EC0-301F-11D3-BF4B-00C04F79EFBC}") = "ClassLibrary2", "ClassLibrary2\ClassLibrary2.csproj", "{3C9AE3C1-DB47-43B4-AB93-69B29113D822}"
EndProject
Project("{FAE04EC0-301F-11D3-BF4B-00C04F79EFBC}") = "WindowsFormsApp4", "WindowsFormsApp4\WindowsFormsApp4.csproj", "{9BFF344D-B82C-495D-9770-4BA60BB04041}"
EndProject
Project("{2150E333-8FDC-42A3-9474-1A3956D46DE8}") = "OPC", "OPC", "{C1BA344C-7A8C-41C4-A502-EEF30D631AB6}"
EndProject
Project("{2150E333-8FDC-42A3-9474-1A3956D46DE8}") = "ODBC", "ODBC", "{01789940-3DB3-4AAD-8461-8E3E9C6A1C9E}"
EndProject
Project("{FAE04EC0-301F-11D3-BF4B-00C04F79EFBC}") = "WindowsFormsApp6", "WindowsFormsApp6\WindowsFormsApp6.csproj", "{61E188AE-2D53-466C-9B8F-56061FA8B128}"
EndProject
Project("{2150E333-8FDC-42A3-9474-1A3956D46DE8}") = "Log4net", "Log4net", "{EB5A8722-A1BE-4FF5-B53B-4C4E622DA6E8}"
EndProject
Project("{FAE04EC0-301F-11D3-BF4B-00C04F79EFBC}") = "WebApplication3", "WebApplication3\WebApplication3.csproj", "{189A80DE-A267-4333-9837-6D25853610C0}"
EndProject
Project("{9A19103F-16F7-4668-BE54-9A1E7A4F7556}") = "WebApplication5", "WebApplication5\WebApplication5.csproj", "{8287F74D-5E99-432D-9C0F-830E27B32398}"
EndProject
Project("{2150E333-8FDC-42A3-9474-1A3956D46DE8}") = "webapi", "webapi", "{DFBD46CD-A065-4ECA-AABD-C5D580731904}"
EndProject
Project("{FAE04EC0-301F-11D3-BF4B-00C04F79EFBC}") = "WebApiCORS", "WebApplication6\WebApiCORS.csproj", "{FADE64A8-7CC1-47CD-BE35-A3A154525BCD}"
EndProject
Project("{FAE04EC0-301F-11D3-BF4B-00C04F79EFBC}") = "WebMvc", "WebMvc\WebMvc.csproj", "{79B6A91A-8E68-4C76-B5C2-D548B7350098}"
EndProject
Project("{2150E333-8FDC-42A3-9474-1A3956D46DE8}") = "依赖注入", "依赖注入", "{AABABFA6-8CA6-42FD-9EAB-EF36F3C8E493}"
EndProject
Project("{9A19103F-16F7-4668-BE54-9A1E7A4F7556}") = "MEFDemo", "MEFDemo\MEFDemo.csproj", "{7DA515DA-B412-41DF-8607-CFA3759007D0}"
EndProject
Project("{FAE04EC0-301F-11D3-BF4B-00C04F79EFBC}") = "BankInterface", "BankInterface\BankInterface.csproj", "{DBDF41E4-3E87-446F-9CDA-63CFD3F97C69}"
EndProject
Project("{FAE04EC0-301F-11D3-BF4B-00C04F79EFBC}") = "BankOfChina", "BankOfChina\BankOfChina.csproj", "{304C2E7C-7DAF-474C-BE80-0790CB10A9C8}"
EndProject
Project("{FAE04EC0-301F-11D3-BF4B-00C04F79EFBC}") = "BankOfCBC", "BankOfCBC\BankOfCBC.csproj", "{008C6636-959B-40B8-BFCF-35424C14D76A}"
EndProject
Project("{FAE04EC0-301F-11D3-BF4B-00C04F79EFBC}") = "WindowsFormsApp7", "WindowsFormsApp7\WindowsFormsApp7.csproj", "{100E0C7F-C402-46C2-919F-BE5824A8DFDE}"
EndProject
Project("{9A19103F-16F7-4668-BE54-9A1E7A4F7556}") = "ConsoleApp8", "ConsoleApp8\ConsoleApp8.csproj", "{0947EBC1-F140-484D-8402-340EED7E10E5}"
EndProject
Project("{2150E333-8FDC-42A3-9474-1A3956D46DE8}") = "MQ", "MQ", "{A8F9380D-EE9C-473D-A455-C91DABC1E29A}"
EndProject
Project("{9A19103F-16F7-4668-BE54-9A1E7A4F7556}") = "ConsoleApp9", "ConsoleApp9\ConsoleApp9.csproj", "{A2D54145-AC7E-40C7-A8A6-0E34CD9A5A43}"
EndProject
Project("{2150E333-8FDC-42A3-9474-1A3956D46DE8}") = "AOP", "AOP", "{520CC973-36DB-4454-9575-7C15CE6D2593}"
EndProject
Project("{9A19103F-16F7-4668-BE54-9A1E7A4F7556}") = "ConsoleApp10", "ConsoleApp10\ConsoleApp10.csproj", "{C9C4FACE-96A3-4190-B7F9-38EBA08B35D8}"
EndProject
Project("{FAE04EC0-301F-11D3-BF4B-00C04F79EFBC}") = "WindowsFormsApp8", "WindowsFormsApp8\WindowsFormsApp8.csproj", "{BE8E66AE-AD7E-4B34-84E2-92AB1CD97041}"
EndProject
Project("{FAE04EC0-301F-11D3-BF4B-00C04F79EFBC}") = "Log4Demo", "Log4Demo\Log4Demo.csproj", "{DE9EE2B7-14E2-47D9-B039-9F0D7820C957}"
EndProject
Project("{2150E333-8FDC-42A3-9474-1A3956D46DE8}") = "Kafka", "Kafka", "{936FDBF8-B5A5-4793-B7B1-C1F67AE08035}"
EndProject
Project("{9A19103F-16F7-4668-BE54-9A1E7A4F7556}") = "kafkaDemo", "kafkaDemo\kafkaDemo.csproj", "{0E8EED83-C43B-47EC-9E5C-A52CF735025D}"
EndProject
Project("{2150E333-8FDC-42A3-9474-1A3956D46DE8}") = "Redis", "Redis", "{94FE701D-3957-4F14-8AF3-8582513A6324}"
EndProject
Project("{9A19103F-16F7-4668-BE54-9A1E7A4F7556}") = "redisDemo", "redisDemo\redisDemo.csproj", "{D3274052-1004-42A0-AF9E-6F4F000AFA82}"
EndProject
Project("{9A19103F-16F7-4668-BE54-9A1E7A4F7556}") = "AttributeTest", "AttributeTest\AttributeTest.csproj", "{727DB36D-D72A-4856-B79B-2B5DFF2D6950}"
EndProject
Project("{2150E333-8FDC-42A3-9474-1A3956D46DE8}") = "过滤器模式", "过滤器模式", "{7A39373A-B7FB-4D93-8B51-4A0DC34467FE}"
EndProject
Project("{9A19103F-16F7-4668-BE54-9A1E7A4F7556}") = "ConsoleApp11", "ConsoleApp11\ConsoleApp11.csproj", "{A79B89D2-C504-402A-80D8-B1DB5B9945F5}"
EndProject
Project("{2150E333-8FDC-42A3-9474-1A3956D46DE8}") = "责任链模式", "责任链模式", "{40FDF14D-91DB-4D04-8906-4731E6520ACF}"
EndProject
Project("{9A19103F-16F7-4668-BE54-9A1E7A4F7556}") = "ConsoleApp12", "ConsoleApp12\ConsoleApp12.csproj", "{DC55FB18-B7C9-4BA7-A29C-0C8B9CB1745E}"
EndProject
Project("{2150E333-8FDC-42A3-9474-1A3956D46DE8}") = "Swagger生成接口文档", "Swagger生成接口文档", "{97EEE489-7C24-4D1D-8F05-F555235A9C64}"
EndProject
Project("{9A19103F-16F7-4668-BE54-9A1E7A4F7556}") = "WebApplication7", "WebApplication7\WebApplication7.csproj", "{22000674-7CBD-4ED0-B955-A91F0ECE2F14}"
EndProject
Global
	GlobalSection(SolutionConfigurationPlatforms) = preSolution
		Debug|Any CPU = Debug|Any CPU
		Release|Any CPU = Release|Any CPU
	EndGlobalSection
	GlobalSection(ProjectConfigurationPlatforms) = postSolution
		{87ED730A-53DB-4BDE-932B-8523F5765F11}.Debug|Any CPU.ActiveCfg = Debug|Any CPU
		{87ED730A-53DB-4BDE-932B-8523F5765F11}.Debug|Any CPU.Build.0 = Debug|Any CPU
		{87ED730A-53DB-4BDE-932B-8523F5765F11}.Release|Any CPU.ActiveCfg = Release|Any CPU
		{87ED730A-53DB-4BDE-932B-8523F5765F11}.Release|Any CPU.Build.0 = Release|Any CPU
		{D7D31B0E-E84C-411B-B463-37B115A35AFC}.Debug|Any CPU.ActiveCfg = Debug|Any CPU
		{D7D31B0E-E84C-411B-B463-37B115A35AFC}.Debug|Any CPU.Build.0 = Debug|Any CPU
		{D7D31B0E-E84C-411B-B463-37B115A35AFC}.Release|Any CPU.ActiveCfg = Release|Any CPU
		{D7D31B0E-E84C-411B-B463-37B115A35AFC}.Release|Any CPU.Build.0 = Release|Any CPU
		{031F6EBE-7FCA-42AC-AFD5-F766FBD1375F}.Debug|Any CPU.ActiveCfg = Debug|Any CPU
		{031F6EBE-7FCA-42AC-AFD5-F766FBD1375F}.Debug|Any CPU.Build.0 = Debug|Any CPU
		{031F6EBE-7FCA-42AC-AFD5-F766FBD1375F}.Release|Any CPU.ActiveCfg = Release|Any CPU
		{031F6EBE-7FCA-42AC-AFD5-F766FBD1375F}.Release|Any CPU.Build.0 = Release|Any CPU
		{0A0B4BB4-2948-4290-9988-E893F5F6371F}.Debug|Any CPU.ActiveCfg = Debug|Any CPU
		{0A0B4BB4-2948-4290-9988-E893F5F6371F}.Debug|Any CPU.Build.0 = Debug|Any CPU
		{0A0B4BB4-2948-4290-9988-E893F5F6371F}.Release|Any CPU.ActiveCfg = Release|Any CPU
		{0A0B4BB4-2948-4290-9988-E893F5F6371F}.Release|Any CPU.Build.0 = Release|Any CPU
		{AE1AD90F-BB10-4BFB-BD4C-B2F3735C0966}.Debug|Any CPU.ActiveCfg = Debug|Any CPU
		{AE1AD90F-BB10-4BFB-BD4C-B2F3735C0966}.Debug|Any CPU.Build.0 = Debug|Any CPU
		{AE1AD90F-BB10-4BFB-BD4C-B2F3735C0966}.Release|Any CPU.ActiveCfg = Release|Any CPU
		{AE1AD90F-BB10-4BFB-BD4C-B2F3735C0966}.Release|Any CPU.Build.0 = Release|Any CPU
		{4FDFFD28-65DF-4DE2-BE96-ED1B75954622}.Debug|Any CPU.ActiveCfg = Debug|Any CPU
		{4FDFFD28-65DF-4DE2-BE96-ED1B75954622}.Debug|Any CPU.Build.0 = Debug|Any CPU
		{4FDFFD28-65DF-4DE2-BE96-ED1B75954622}.Release|Any CPU.ActiveCfg = Release|Any CPU
		{4FDFFD28-65DF-4DE2-BE96-ED1B75954622}.Release|Any CPU.Build.0 = Release|Any CPU
		{D9487955-D65C-477D-8471-C14616818086}.Debug|Any CPU.ActiveCfg = Debug|Any CPU
		{D9487955-D65C-477D-8471-C14616818086}.Debug|Any CPU.Build.0 = Debug|Any CPU
		{D9487955-D65C-477D-8471-C14616818086}.Release|Any CPU.ActiveCfg = Release|Any CPU
		{D9487955-D65C-477D-8471-C14616818086}.Release|Any CPU.Build.0 = Release|Any CPU
		{44AECEC9-5A7D-459A-BE82-0902FEA55B34}.Debug|Any CPU.ActiveCfg = Debug|Any CPU
		{44AECEC9-5A7D-459A-BE82-0902FEA55B34}.Debug|Any CPU.Build.0 = Debug|Any CPU
		{44AECEC9-5A7D-459A-BE82-0902FEA55B34}.Release|Any CPU.ActiveCfg = Release|Any CPU
		{44AECEC9-5A7D-459A-BE82-0902FEA55B34}.Release|Any CPU.Build.0 = Release|Any CPU
		{35B5687B-1975-4BBA-A3F6-5514ADC30C83}.Debug|Any CPU.ActiveCfg = Debug|Any CPU
		{35B5687B-1975-4BBA-A3F6-5514ADC30C83}.Debug|Any CPU.Build.0 = Debug|Any CPU
		{35B5687B-1975-4BBA-A3F6-5514ADC30C83}.Release|Any CPU.ActiveCfg = Release|Any CPU
		{35B5687B-1975-4BBA-A3F6-5514ADC30C83}.Release|Any CPU.Build.0 = Release|Any CPU
		{AE1651E1-0393-4B0E-BAC5-92888E802E06}.Debug|Any CPU.ActiveCfg = Debug|Any CPU
		{AE1651E1-0393-4B0E-BAC5-92888E802E06}.Debug|Any CPU.Build.0 = Debug|Any CPU
		{AE1651E1-0393-4B0E-BAC5-92888E802E06}.Release|Any CPU.ActiveCfg = Release|Any CPU
		{AE1651E1-0393-4B0E-BAC5-92888E802E06}.Release|Any CPU.Build.0 = Release|Any CPU
		{EB0D0127-4692-41F5-A0A2-31DFEF674600}.Debug|Any CPU.ActiveCfg = Debug|Any CPU
		{EB0D0127-4692-41F5-A0A2-31DFEF674600}.Debug|Any CPU.Build.0 = Debug|Any CPU
		{EB0D0127-4692-41F5-A0A2-31DFEF674600}.Release|Any CPU.ActiveCfg = Release|Any CPU
		{EB0D0127-4692-41F5-A0A2-31DFEF674600}.Release|Any CPU.Build.0 = Release|Any CPU
		{C8AEF84F-7F6E-4F34-AFCF-1803D56965CF}.Debug|Any CPU.ActiveCfg = Debug|Any CPU
		{C8AEF84F-7F6E-4F34-AFCF-1803D56965CF}.Debug|Any CPU.Build.0 = Debug|Any CPU
		{C8AEF84F-7F6E-4F34-AFCF-1803D56965CF}.Release|Any CPU.ActiveCfg = Release|Any CPU
		{C8AEF84F-7F6E-4F34-AFCF-1803D56965CF}.Release|Any CPU.Build.0 = Release|Any CPU
		{26AFCAA3-4571-40D2-98E1-64858DBEA410}.Debug|Any CPU.ActiveCfg = Debug|Any CPU
		{26AFCAA3-4571-40D2-98E1-64858DBEA410}.Debug|Any CPU.Build.0 = Debug|Any CPU
		{26AFCAA3-4571-40D2-98E1-64858DBEA410}.Release|Any CPU.ActiveCfg = Release|Any CPU
		{26AFCAA3-4571-40D2-98E1-64858DBEA410}.Release|Any CPU.Build.0 = Release|Any CPU
		{18F609B4-819D-4B46-8EC9-E32D26BBD09B}.Debug|Any CPU.ActiveCfg = Debug|Any CPU
		{18F609B4-819D-4B46-8EC9-E32D26BBD09B}.Debug|Any CPU.Build.0 = Debug|Any CPU
		{18F609B4-819D-4B46-8EC9-E32D26BBD09B}.Release|Any CPU.ActiveCfg = Release|Any CPU
		{18F609B4-819D-4B46-8EC9-E32D26BBD09B}.Release|Any CPU.Build.0 = Release|Any CPU
		{791EE701-D8EF-437A-ACF0-015ABF789D1E}.Debug|Any CPU.ActiveCfg = Debug|Any CPU
		{791EE701-D8EF-437A-ACF0-015ABF789D1E}.Debug|Any CPU.Build.0 = Debug|Any CPU
		{791EE701-D8EF-437A-ACF0-015ABF789D1E}.Release|Any CPU.ActiveCfg = Release|Any CPU
		{791EE701-D8EF-437A-ACF0-015ABF789D1E}.Release|Any CPU.Build.0 = Release|Any CPU
		{39C0ECFF-C6F3-4819-9783-865D6D0B6E43}.Debug|Any CPU.ActiveCfg = Debug|Any CPU
		{39C0ECFF-C6F3-4819-9783-865D6D0B6E43}.Debug|Any CPU.Build.0 = Debug|Any CPU
		{39C0ECFF-C6F3-4819-9783-865D6D0B6E43}.Release|Any CPU.ActiveCfg = Release|Any CPU
		{39C0ECFF-C6F3-4819-9783-865D6D0B6E43}.Release|Any CPU.Build.0 = Release|Any CPU
		{6003C26A-802A-4E29-8962-3D60853A3FA2}.Debug|Any CPU.ActiveCfg = Debug|Any CPU
		{6003C26A-802A-4E29-8962-3D60853A3FA2}.Debug|Any CPU.Build.0 = Debug|Any CPU
		{6003C26A-802A-4E29-8962-3D60853A3FA2}.Release|Any CPU.ActiveCfg = Release|Any CPU
		{6003C26A-802A-4E29-8962-3D60853A3FA2}.Release|Any CPU.Build.0 = Release|Any CPU
		{A214CB7D-F559-407E-81C6-7251FB578409}.Debug|Any CPU.ActiveCfg = Debug|Any CPU
		{A214CB7D-F559-407E-81C6-7251FB578409}.Debug|Any CPU.Build.0 = Debug|Any CPU
		{A214CB7D-F559-407E-81C6-7251FB578409}.Release|Any CPU.ActiveCfg = Release|Any CPU
		{A214CB7D-F559-407E-81C6-7251FB578409}.Release|Any CPU.Build.0 = Release|Any CPU
		{FD19ABD2-AA2D-4195-9367-8120E79A4B94}.Debug|Any CPU.ActiveCfg = Debug|Any CPU
		{FD19ABD2-AA2D-4195-9367-8120E79A4B94}.Debug|Any CPU.Build.0 = Debug|Any CPU
		{FD19ABD2-AA2D-4195-9367-8120E79A4B94}.Release|Any CPU.ActiveCfg = Release|Any CPU
		{FD19ABD2-AA2D-4195-9367-8120E79A4B94}.Release|Any CPU.Build.0 = Release|Any CPU
		{1F4F1FD2-056A-45BB-ADDF-84FD74D78E02}.Debug|Any CPU.ActiveCfg = Debug|Any CPU
		{1F4F1FD2-056A-45BB-ADDF-84FD74D78E02}.Debug|Any CPU.Build.0 = Debug|Any CPU
		{1F4F1FD2-056A-45BB-ADDF-84FD74D78E02}.Release|Any CPU.ActiveCfg = Release|Any CPU
		{1F4F1FD2-056A-45BB-ADDF-84FD74D78E02}.Release|Any CPU.Build.0 = Release|Any CPU
		{3C9AE3C1-DB47-43B4-AB93-69B29113D822}.Debug|Any CPU.ActiveCfg = Debug|Any CPU
		{3C9AE3C1-DB47-43B4-AB93-69B29113D822}.Debug|Any CPU.Build.0 = Debug|Any CPU
		{3C9AE3C1-DB47-43B4-AB93-69B29113D822}.Release|Any CPU.ActiveCfg = Release|Any CPU
		{3C9AE3C1-DB47-43B4-AB93-69B29113D822}.Release|Any CPU.Build.0 = Release|Any CPU
		{9BFF344D-B82C-495D-9770-4BA60BB04041}.Debug|Any CPU.ActiveCfg = Debug|Any CPU
		{9BFF344D-B82C-495D-9770-4BA60BB04041}.Debug|Any CPU.Build.0 = Debug|Any CPU
		{9BFF344D-B82C-495D-9770-4BA60BB04041}.Release|Any CPU.ActiveCfg = Release|Any CPU
		{9BFF344D-B82C-495D-9770-4BA60BB04041}.Release|Any CPU.Build.0 = Release|Any CPU
		{61E188AE-2D53-466C-9B8F-56061FA8B128}.Debug|Any CPU.ActiveCfg = Debug|Any CPU
		{61E188AE-2D53-466C-9B8F-56061FA8B128}.Debug|Any CPU.Build.0 = Debug|Any CPU
		{61E188AE-2D53-466C-9B8F-56061FA8B128}.Release|Any CPU.ActiveCfg = Release|Any CPU
		{61E188AE-2D53-466C-9B8F-56061FA8B128}.Release|Any CPU.Build.0 = Release|Any CPU
		{189A80DE-A267-4333-9837-6D25853610C0}.Debug|Any CPU.ActiveCfg = Debug|Any CPU
		{189A80DE-A267-4333-9837-6D25853610C0}.Debug|Any CPU.Build.0 = Debug|Any CPU
		{189A80DE-A267-4333-9837-6D25853610C0}.Release|Any CPU.ActiveCfg = Release|Any CPU
		{189A80DE-A267-4333-9837-6D25853610C0}.Release|Any CPU.Build.0 = Release|Any CPU
		{8287F74D-5E99-432D-9C0F-830E27B32398}.Debug|Any CPU.ActiveCfg = Debug|Any CPU
		{8287F74D-5E99-432D-9C0F-830E27B32398}.Debug|Any CPU.Build.0 = Debug|Any CPU
		{8287F74D-5E99-432D-9C0F-830E27B32398}.Release|Any CPU.ActiveCfg = Release|Any CPU
		{8287F74D-5E99-432D-9C0F-830E27B32398}.Release|Any CPU.Build.0 = Release|Any CPU
		{FADE64A8-7CC1-47CD-BE35-A3A154525BCD}.Debug|Any CPU.ActiveCfg = Debug|Any CPU
		{FADE64A8-7CC1-47CD-BE35-A3A154525BCD}.Debug|Any CPU.Build.0 = Debug|Any CPU
		{FADE64A8-7CC1-47CD-BE35-A3A154525BCD}.Release|Any CPU.ActiveCfg = Release|Any CPU
		{FADE64A8-7CC1-47CD-BE35-A3A154525BCD}.Release|Any CPU.Build.0 = Release|Any CPU
		{79B6A91A-8E68-4C76-B5C2-D548B7350098}.Debug|Any CPU.ActiveCfg = Debug|Any CPU
		{79B6A91A-8E68-4C76-B5C2-D548B7350098}.Debug|Any CPU.Build.0 = Debug|Any CPU
		{79B6A91A-8E68-4C76-B5C2-D548B7350098}.Release|Any CPU.ActiveCfg = Release|Any CPU
		{79B6A91A-8E68-4C76-B5C2-D548B7350098}.Release|Any CPU.Build.0 = Release|Any CPU
		{7DA515DA-B412-41DF-8607-CFA3759007D0}.Debug|Any CPU.ActiveCfg = Debug|Any CPU
		{7DA515DA-B412-41DF-8607-CFA3759007D0}.Debug|Any CPU.Build.0 = Debug|Any CPU
		{7DA515DA-B412-41DF-8607-CFA3759007D0}.Release|Any CPU.ActiveCfg = Release|Any CPU
		{7DA515DA-B412-41DF-8607-CFA3759007D0}.Release|Any CPU.Build.0 = Release|Any CPU
		{DBDF41E4-3E87-446F-9CDA-63CFD3F97C69}.Debug|Any CPU.ActiveCfg = Debug|Any CPU
		{DBDF41E4-3E87-446F-9CDA-63CFD3F97C69}.Debug|Any CPU.Build.0 = Debug|Any CPU
		{DBDF41E4-3E87-446F-9CDA-63CFD3F97C69}.Release|Any CPU.ActiveCfg = Release|Any CPU
		{DBDF41E4-3E87-446F-9CDA-63CFD3F97C69}.Release|Any CPU.Build.0 = Release|Any CPU
		{304C2E7C-7DAF-474C-BE80-0790CB10A9C8}.Debug|Any CPU.ActiveCfg = Debug|Any CPU
		{304C2E7C-7DAF-474C-BE80-0790CB10A9C8}.Debug|Any CPU.Build.0 = Debug|Any CPU
		{304C2E7C-7DAF-474C-BE80-0790CB10A9C8}.Release|Any CPU.ActiveCfg = Release|Any CPU
		{304C2E7C-7DAF-474C-BE80-0790CB10A9C8}.Release|Any CPU.Build.0 = Release|Any CPU
		{008C6636-959B-40B8-BFCF-35424C14D76A}.Debug|Any CPU.ActiveCfg = Debug|Any CPU
		{008C6636-959B-40B8-BFCF-35424C14D76A}.Debug|Any CPU.Build.0 = Debug|Any CPU
		{008C6636-959B-40B8-BFCF-35424C14D76A}.Release|Any CPU.ActiveCfg = Release|Any CPU
		{008C6636-959B-40B8-BFCF-35424C14D76A}.Release|Any CPU.Build.0 = Release|Any CPU
		{100E0C7F-C402-46C2-919F-BE5824A8DFDE}.Debug|Any CPU.ActiveCfg = Debug|Any CPU
		{100E0C7F-C402-46C2-919F-BE5824A8DFDE}.Debug|Any CPU.Build.0 = Debug|Any CPU
		{100E0C7F-C402-46C2-919F-BE5824A8DFDE}.Release|Any CPU.ActiveCfg = Release|Any CPU
		{100E0C7F-C402-46C2-919F-BE5824A8DFDE}.Release|Any CPU.Build.0 = Release|Any CPU
		{0947EBC1-F140-484D-8402-340EED7E10E5}.Debug|Any CPU.ActiveCfg = Debug|Any CPU
		{0947EBC1-F140-484D-8402-340EED7E10E5}.Debug|Any CPU.Build.0 = Debug|Any CPU
		{0947EBC1-F140-484D-8402-340EED7E10E5}.Release|Any CPU.ActiveCfg = Release|Any CPU
		{0947EBC1-F140-484D-8402-340EED7E10E5}.Release|Any CPU.Build.0 = Release|Any CPU
		{A2D54145-AC7E-40C7-A8A6-0E34CD9A5A43}.Debug|Any CPU.ActiveCfg = Debug|Any CPU
		{A2D54145-AC7E-40C7-A8A6-0E34CD9A5A43}.Debug|Any CPU.Build.0 = Debug|Any CPU
		{A2D54145-AC7E-40C7-A8A6-0E34CD9A5A43}.Release|Any CPU.ActiveCfg = Release|Any CPU
		{A2D54145-AC7E-40C7-A8A6-0E34CD9A5A43}.Release|Any CPU.Build.0 = Release|Any CPU
		{C9C4FACE-96A3-4190-B7F9-38EBA08B35D8}.Debug|Any CPU.ActiveCfg = Debug|Any CPU
		{C9C4FACE-96A3-4190-B7F9-38EBA08B35D8}.Debug|Any CPU.Build.0 = Debug|Any CPU
		{C9C4FACE-96A3-4190-B7F9-38EBA08B35D8}.Release|Any CPU.ActiveCfg = Release|Any CPU
		{C9C4FACE-96A3-4190-B7F9-38EBA08B35D8}.Release|Any CPU.Build.0 = Release|Any CPU
		{BE8E66AE-AD7E-4B34-84E2-92AB1CD97041}.Debug|Any CPU.ActiveCfg = Debug|Any CPU
		{BE8E66AE-AD7E-4B34-84E2-92AB1CD97041}.Debug|Any CPU.Build.0 = Debug|Any CPU
		{BE8E66AE-AD7E-4B34-84E2-92AB1CD97041}.Release|Any CPU.ActiveCfg = Release|Any CPU
		{BE8E66AE-AD7E-4B34-84E2-92AB1CD97041}.Release|Any CPU.Build.0 = Release|Any CPU
		{DE9EE2B7-14E2-47D9-B039-9F0D7820C957}.Debug|Any CPU.ActiveCfg = Debug|Any CPU
		{DE9EE2B7-14E2-47D9-B039-9F0D7820C957}.Debug|Any CPU.Build.0 = Debug|Any CPU
		{DE9EE2B7-14E2-47D9-B039-9F0D7820C957}.Release|Any CPU.ActiveCfg = Release|Any CPU
		{DE9EE2B7-14E2-47D9-B039-9F0D7820C957}.Release|Any CPU.Build.0 = Release|Any CPU
		{0E8EED83-C43B-47EC-9E5C-A52CF735025D}.Debug|Any CPU.ActiveCfg = Debug|Any CPU
		{0E8EED83-C43B-47EC-9E5C-A52CF735025D}.Debug|Any CPU.Build.0 = Debug|Any CPU
		{0E8EED83-C43B-47EC-9E5C-A52CF735025D}.Release|Any CPU.ActiveCfg = Release|Any CPU
		{0E8EED83-C43B-47EC-9E5C-A52CF735025D}.Release|Any CPU.Build.0 = Release|Any CPU
		{D3274052-1004-42A0-AF9E-6F4F000AFA82}.Debug|Any CPU.ActiveCfg = Debug|Any CPU
		{D3274052-1004-42A0-AF9E-6F4F000AFA82}.Debug|Any CPU.Build.0 = Debug|Any CPU
		{D3274052-1004-42A0-AF9E-6F4F000AFA82}.Release|Any CPU.ActiveCfg = Release|Any CPU
		{D3274052-1004-42A0-AF9E-6F4F000AFA82}.Release|Any CPU.Build.0 = Release|Any CPU
		{727DB36D-D72A-4856-B79B-2B5DFF2D6950}.Debug|Any CPU.ActiveCfg = Debug|Any CPU
		{727DB36D-D72A-4856-B79B-2B5DFF2D6950}.Debug|Any CPU.Build.0 = Debug|Any CPU
		{727DB36D-D72A-4856-B79B-2B5DFF2D6950}.Release|Any CPU.ActiveCfg = Release|Any CPU
		{727DB36D-D72A-4856-B79B-2B5DFF2D6950}.Release|Any CPU.Build.0 = Release|Any CPU
		{A79B89D2-C504-402A-80D8-B1DB5B9945F5}.Debug|Any CPU.ActiveCfg = Debug|Any CPU
		{A79B89D2-C504-402A-80D8-B1DB5B9945F5}.Debug|Any CPU.Build.0 = Debug|Any CPU
		{A79B89D2-C504-402A-80D8-B1DB5B9945F5}.Release|Any CPU.ActiveCfg = Release|Any CPU
		{A79B89D2-C504-402A-80D8-B1DB5B9945F5}.Release|Any CPU.Build.0 = Release|Any CPU
		{DC55FB18-B7C9-4BA7-A29C-0C8B9CB1745E}.Debug|Any CPU.ActiveCfg = Debug|Any CPU
		{DC55FB18-B7C9-4BA7-A29C-0C8B9CB1745E}.Debug|Any CPU.Build.0 = Debug|Any CPU
		{DC55FB18-B7C9-4BA7-A29C-0C8B9CB1745E}.Release|Any CPU.ActiveCfg = Release|Any CPU
		{DC55FB18-B7C9-4BA7-A29C-0C8B9CB1745E}.Release|Any CPU.Build.0 = Release|Any CPU
		{22000674-7CBD-4ED0-B955-A91F0ECE2F14}.Debug|Any CPU.ActiveCfg = Debug|Any CPU
		{22000674-7CBD-4ED0-B955-A91F0ECE2F14}.Debug|Any CPU.Build.0 = Debug|Any CPU
		{22000674-7CBD-4ED0-B955-A91F0ECE2F14}.Release|Any CPU.ActiveCfg = Release|Any CPU
		{22000674-7CBD-4ED0-B955-A91F0ECE2F14}.Release|Any CPU.Build.0 = Release|Any CPU
	EndGlobalSection
	GlobalSection(SolutionProperties) = preSolution
		HideSolutionNode = FALSE
	EndGlobalSection
	GlobalSection(NestedProjects) = preSolution
		{87ED730A-53DB-4BDE-932B-8523F5765F11} = {C4D92CAE-B8C8-4999-916A-D84A82EA276B}
		{D7D31B0E-E84C-411B-B463-37B115A35AFC} = {C4D92CAE-B8C8-4999-916A-D84A82EA276B}
		{031F6EBE-7FCA-42AC-AFD5-F766FBD1375F} = {883A0A9A-6F8C-4D35-A08B-E1FC0D07F29B}
		{0A0B4BB4-2948-4290-9988-E893F5F6371F} = {B823EE9C-1C16-4717-87E5-95AB4545D71D}
		{AE1AD90F-BB10-4BFB-BD4C-B2F3735C0966} = {B823EE9C-1C16-4717-87E5-95AB4545D71D}
		{4FDFFD28-65DF-4DE2-BE96-ED1B75954622} = {4BFFC0FA-5D80-44AC-9C6A-1DAC4473FFA9}
		{D9487955-D65C-477D-8471-C14616818086} = {D2B5E35D-2CEC-4362-B514-959A1C27670F}
		{44AECEC9-5A7D-459A-BE82-0902FEA55B34} = {D2B5E35D-2CEC-4362-B514-959A1C27670F}
		{35B5687B-1975-4BBA-A3F6-5514ADC30C83} = {2046814E-5456-4A24-B258-5A97B0CB5415}
		{AE1651E1-0393-4B0E-BAC5-92888E802E06} = {554960E4-95D3-4764-97C9-D74494AB30BB}
		{EB0D0127-4692-41F5-A0A2-31DFEF674600} = {1F7338EC-F3F5-4035-9667-600FE3E43FFB}
		{C8AEF84F-7F6E-4F34-AFCF-1803D56965CF} = {194FEA0A-83C1-47AD-8F4C-B4AAE14724B8}
		{26AFCAA3-4571-40D2-98E1-64858DBEA410} = {E284279B-6076-4611-A065-03FA9936BFEA}
		{2C760AC0-34D5-46F4-9921-E1D1DCF0E21D} = {189D7D56-BBF7-45C0-8BB2-340C0D0A2C45}
		{18F609B4-819D-4B46-8EC9-E32D26BBD09B} = {2C760AC0-34D5-46F4-9921-E1D1DCF0E21D}
		{D5748CDA-1F14-4FBB-97B8-1BCFDA36A77F} = {189D7D56-BBF7-45C0-8BB2-340C0D0A2C45}
		{791EE701-D8EF-437A-ACF0-015ABF789D1E} = {D5748CDA-1F14-4FBB-97B8-1BCFDA36A77F}
		{1113D5AF-0CD8-46CA-9A99-EED07ECBAA75} = {189D7D56-BBF7-45C0-8BB2-340C0D0A2C45}
		{39C0ECFF-C6F3-4819-9783-865D6D0B6E43} = {1113D5AF-0CD8-46CA-9A99-EED07ECBAA75}
		{B3D6E969-4D96-40C6-A5F5-4BCE8C49D972} = {189D7D56-BBF7-45C0-8BB2-340C0D0A2C45}
		{6003C26A-802A-4E29-8962-3D60853A3FA2} = {B3D6E969-4D96-40C6-A5F5-4BCE8C49D972}
		{A214CB7D-F559-407E-81C6-7251FB578409} = {2046814E-5456-4A24-B258-5A97B0CB5415}
		{FD19ABD2-AA2D-4195-9367-8120E79A4B94} = {1F7338EC-F3F5-4035-9667-600FE3E43FFB}
		{1F4F1FD2-056A-45BB-ADDF-84FD74D78E02} = {038BC025-609D-45C7-99F1-2720EB64ACA7}
		{3C9AE3C1-DB47-43B4-AB93-69B29113D822} = {0A72FBD9-6BCB-430F-9CFE-3104A55E335C}
		{9BFF344D-B82C-495D-9770-4BA60BB04041} = {0A72FBD9-6BCB-430F-9CFE-3104A55E335C}
		{61E188AE-2D53-466C-9B8F-56061FA8B128} = {01789940-3DB3-4AAD-8461-8E3E9C6A1C9E}
		{189A80DE-A267-4333-9837-6D25853610C0} = {EB5A8722-A1BE-4FF5-B53B-4C4E622DA6E8}
		{8287F74D-5E99-432D-9C0F-830E27B32398} = {EB5A8722-A1BE-4FF5-B53B-4C4E622DA6E8}
		{FADE64A8-7CC1-47CD-BE35-A3A154525BCD} = {DFBD46CD-A065-4ECA-AABD-C5D580731904}
		{79B6A91A-8E68-4C76-B5C2-D548B7350098} = {DFBD46CD-A065-4ECA-AABD-C5D580731904}
		{7DA515DA-B412-41DF-8607-CFA3759007D0} = {AABABFA6-8CA6-42FD-9EAB-EF36F3C8E493}
		{DBDF41E4-3E87-446F-9CDA-63CFD3F97C69} = {AABABFA6-8CA6-42FD-9EAB-EF36F3C8E493}
		{304C2E7C-7DAF-474C-BE80-0790CB10A9C8} = {AABABFA6-8CA6-42FD-9EAB-EF36F3C8E493}
		{008C6636-959B-40B8-BFCF-35424C14D76A} = {AABABFA6-8CA6-42FD-9EAB-EF36F3C8E493}
		{100E0C7F-C402-46C2-919F-BE5824A8DFDE} = {EB5A8722-A1BE-4FF5-B53B-4C4E622DA6E8}
		{0947EBC1-F140-484D-8402-340EED7E10E5} = {E284279B-6076-4611-A065-03FA9936BFEA}
		{A2D54145-AC7E-40C7-A8A6-0E34CD9A5A43} = {D2B5E35D-2CEC-4362-B514-959A1C27670F}
		{C9C4FACE-96A3-4190-B7F9-38EBA08B35D8} = {520CC973-36DB-4454-9575-7C15CE6D2593}
		{BE8E66AE-AD7E-4B34-84E2-92AB1CD97041} = {520CC973-36DB-4454-9575-7C15CE6D2593}
		{DE9EE2B7-14E2-47D9-B039-9F0D7820C957} = {EB5A8722-A1BE-4FF5-B53B-4C4E622DA6E8}
		{0E8EED83-C43B-47EC-9E5C-A52CF735025D} = {936FDBF8-B5A5-4793-B7B1-C1F67AE08035}
		{D3274052-1004-42A0-AF9E-6F4F000AFA82} = {94FE701D-3957-4F14-8AF3-8582513A6324}
		{727DB36D-D72A-4856-B79B-2B5DFF2D6950} = {E284279B-6076-4611-A065-03FA9936BFEA}
		{7A39373A-B7FB-4D93-8B51-4A0DC34467FE} = {189D7D56-BBF7-45C0-8BB2-340C0D0A2C45}
		{A79B89D2-C504-402A-80D8-B1DB5B9945F5} = {7A39373A-B7FB-4D93-8B51-4A0DC34467FE}
		{40FDF14D-91DB-4D04-8906-4731E6520ACF} = {189D7D56-BBF7-45C0-8BB2-340C0D0A2C45}
		{DC55FB18-B7C9-4BA7-A29C-0C8B9CB1745E} = {40FDF14D-91DB-4D04-8906-4731E6520ACF}
		{22000674-7CBD-4ED0-B955-A91F0ECE2F14} = {97EEE489-7C24-4D1D-8F05-F555235A9C64}
	EndGlobalSection
	GlobalSection(ExtensibilityGlobals) = postSolution
		SolutionGuid = {7B9F73DF-C5EE-40EA-90C0-AE75667BDA2B}
	EndGlobalSection
EndGlobal
